hash: f101ecc9038bc3be7f354288788100015e0fd9fa36de032f981f8db09ed9d641
updated: 2018-07-18T19:38:33.458322258+09:00
imports:
- name: github.com/aws/aws-sdk-go
  version: 1bd4d895cb94523ff486e3509299d8d5f370d3f5
  subpackages:
  - aws
  - aws/awserr
  - aws/awsutil
  - aws/client
  - aws/client/metadata
  - aws/corehandlers
  - aws/credentials
  - aws/credentials/ec2rolecreds
  - aws/credentials/endpointcreds
  - aws/credentials/stscreds
  - aws/csm
  - aws/defaults
  - aws/ec2metadata
  - aws/endpoints
  - aws/request
  - aws/session
  - aws/signer/v4
  - internal/sdkio
  - internal/sdkrand
  - internal/sdkuri
  - internal/shareddefaults
  - private/protocol
  - private/protocol/ec2query
  - private/protocol/query
  - private/protocol/query/queryutil
  - private/protocol/rest
  - private/protocol/xml/xmlutil
  - service/ec2
  - service/sts
- name: github.com/BurntSushi/toml
  version: a368813c5e648fee92e5f6c30e3944ff9d5e8895
- name: github.com/go-ini/ini
  version: 358ee7663966325963d4e8b2e1fbd570c5195153
- name: github.com/jmespath/go-jmespath
  version: c2b33e8439af944379acbdd9c3a5fe0bc44bd8a5
- name: github.com/mattn/go-runewidth
  version: ce7b0b5c7b45a81508558cd1dba6bb1e4ddb51bb
- name: github.com/nsf/termbox-go
  version: 5c94acc5e6eb520f1bcd183974e01171cc4c23b3
- name: github.com/reiki4040/cstore
  version: 24bad87f431e5671e0e243799de5de5759885ef6
- name: github.com/reiki4040/peco
  version: ddfdd8e556362cff698f15edfc4f8f45e9897c5b
  subpackages:
  - keyseq
- name: gopkg.in/yaml.v2
  version: 5420a8b6744d3b0345ab293f6fcba19c978f1183
testImports: []
